{
  "name": "Yotsugi",
  "version": "0.0.1",
  "lockfileVersion": 1,
  "requires": true,
  "dependencies": {
    "array-uniq": {
      "version": "1.0.3",
      "resolved": "https://registry.npmjs.org/array-uniq/-/array-uniq-1.0.3.tgz",
      "integrity": "sha1-r2rId6Jcx/dOBYiUdThY39sk/bY=",
      "dev": true
    },
    "async-limiter": {
      "version": "1.0.0",
      "resolved": "https://registry.npmjs.org/async-limiter/-/async-limiter-1.0.0.tgz",
      "integrity": "sha512-jp/uFnooOiO+L211eZOoSyzpOITMXx1rBITauYykG3BRYPu8h0UcxsPNB04RR5vo4Tyz3+ay17tR6JVf9qzYWg=="
    },
    "bin-version": {
      "version": "2.0.0",
      "resolved": "https://registry.npmjs.org/bin-version/-/bin-version-2.0.0.tgz",
      "integrity": "sha1-LMldg7Uive8umZeOdq61SRyBFP8=",
      "dev": true,
      "requires": {
        "execa": "^0.1.1",
        "find-versions": "^2.0.0"
      }
    },
    "bin-version-check": {
      "version": "3.0.0",
      "resolved": "https://registry.npmjs.org/bin-version-check/-/bin-version-check-3.0.0.tgz",
      "integrity": "sha1-4k6/prY8sDh8X8F0+G5cyBLKfMk=",
      "dev": true,
      "requires": {
        "bin-version": "^2.0.0",
        "semver": "^5.1.0",
        "semver-truncate": "^1.0.0"
      }
    },
    "cross-spawn-async": {
      "version": "2.2.5",
      "resolved": "https://registry.npmjs.org/cross-spawn-async/-/cross-spawn-async-2.2.5.tgz",
      "integrity": "sha1-hF/wwINKPe2dFg2sptOQkGuyiMw=",
      "dev": true,
      "requires": {
        "lru-cache": "^4.0.0",
        "which": "^1.2.8"
      }
    },
    "dotenv": {
      "version": "6.0.0",
      "resolved": "https://registry.npmjs.org/dotenv/-/dotenv-6.0.0.tgz",
      "integrity": "sha512-FlWbnhgjtwD+uNLUGHbMykMOYQaTivdHEmYwAKFjn6GKe/CqY0fNae93ZHTd20snh9ZLr8mTzIL9m0APQ1pjQg=="
    },
    "dotenv-safe": {
      "version": "6.0.0",
      "resolved": "https://registry.npmjs.org/dotenv-safe/-/dotenv-safe-6.0.0.tgz",
      "integrity": "sha512-mYSw35oDucjhRiM/nwV+bNKg+Re5W9uLR1bJIxqijlMCd8qkgRYppMxrAINDZvZLb36YnHF08s4bw6+0jR+mfw==",
      "requires": {
        "dotenv": "^6.0.0"
      }
    },
    "eris": {
      "version": "0.8.6",
      "resolved": "https://registry.npmjs.org/eris/-/eris-0.8.6.tgz",
      "integrity": "sha512-mEE+hMxs1YrQhu7YSs8jTUoaZC0ahWDNPLR9Iq/FmIzXYPBIEFKXpL00jbARa36Xpay7fmc/cQfJLwhebDMwuw==",
      "requires": {
        "opusscript": "^0.0.4",
        "tweetnacl": "^1.0.0",
        "ws": "^5.2.0"
      }
    },
    "execa": {
      "version": "0.1.1",
      "resolved": "https://registry.npmjs.org/execa/-/execa-0.1.1.tgz",
      "integrity": "sha1-sJwqkwm8DvBQFHlHLbMYD41MPt0=",
      "dev": true,
      "requires": {
        "cross-spawn-async": "^2.1.1",
        "object-assign": "^4.0.1",
        "strip-eof": "^1.0.0"
      }
    },
    "find-versions": {
      "version": "2.0.0",
      "resolved": "https://registry.npmjs.org/find-versions/-/find-versions-2.0.0.tgz",
      "integrity": "sha1-KtkNSQ9oKMGqQCks9wmsMxghDDw=",
      "dev": true,
      "requires": {
        "array-uniq": "^1.0.0",
        "semver-regex": "^1.0.0"
      }
    },
    "isexe": {
      "version": "2.0.0",
      "resolved": "https://registry.npmjs.org/isexe/-/isexe-2.0.0.tgz",
      "integrity": "sha1-6PvzdNxVb/iUehDcsFctYz8s+hA=",
      "dev": true
    },
    "lru-cache": {
      "version": "4.1.3",
      "resolved": "https://registry.npmjs.org/lru-cache/-/lru-cache-4.1.3.tgz",
      "integrity": "sha512-fFEhvcgzuIoJVUF8fYr5KR0YqxD238zgObTps31YdADwPPAp82a4M8TrckkWyx7ekNlf9aBcVn81cFwwXngrJA==",
      "dev": true,
      "requires": {
        "pseudomap": "^1.0.2",
        "yallist": "^2.1.2"
      }
    },
    "moment": {
      "version": "2.22.2",
      "resolved": "https://registry.npmjs.org/moment/-/moment-2.22.2.tgz",
      "integrity": "sha1-PCV/mDn8DpP/UxSWMiOeuQeD/2Y="
    },
    "moment-duration-format": {
      "version": "2.2.2",
      "resolved": "https://registry.npmjs.org/moment-duration-format/-/moment-duration-format-2.2.2.tgz",
      "integrity": "sha1-uVdhLeJgFsmtnrYIfAVFc+USd3k="
    },
    "object-assign": {
      "version": "4.1.1",
      "resolved": "https://registry.npmjs.org/object-assign/-/object-assign-4.1.1.tgz",
      "integrity": "sha1-IQmtx5ZYh8/AXLvUQsrIv7s2CGM=",
      "dev": true
    },
    "opusscript": {
      "version": "0.0.4",
      "resolved": "https://registry.npmjs.org/opusscript/-/opusscript-0.0.4.tgz",
      "integrity": "sha512-bEPZFE2lhUJYQD5yfTFO4RhbRZ937x6hRwBC1YoGacT35bwDVwKFP1+amU8NYfZL/v4EU7ZTU3INTqzYAnuP7Q==",
      "optional": true
    },
    "pseudomap": {
      "version": "1.0.2",
      "resolved": "https://registry.npmjs.org/pseudomap/-/pseudomap-1.0.2.tgz",
      "integrity": "sha1-8FKijacOYYkX7wqKw0wa5aaChrM=",
      "dev": true
    },
    "semver": {
      "version": "5.5.0",
      "resolved": "https://registry.npmjs.org/semver/-/semver-5.5.0.tgz",
      "integrity": "sha512-4SJ3dm0WAwWy/NVeioZh5AntkdJoWKxHxcmyP622fOkgHa4z3R0TdBJICINyaSDE6uNwVc8gZr+ZinwZAH4xIA==",
      "dev": true
    },
    "semver-regex": {
      "version": "1.0.0",
      "resolved": "https://registry.npmjs.org/semver-regex/-/semver-regex-1.0.0.tgz",
      "integrity": "sha1-kqSWkGX5xwxpR1PVUkj8aPj2Usk=",
      "dev": true
    },
    "semver-truncate": {
      "version": "1.1.2",
      "resolved": "https://registry.npmjs.org/semver-truncate/-/semver-truncate-1.1.2.tgz",
      "integrity": "sha1-V/Qd5pcHpicJp+AQS6IRcQnqR+g=",
      "dev": true,
      "requires": {
        "semver": "^5.3.0"
      }
    },
    "strip-eof": {
      "version": "1.0.0",
      "resolved": "https://registry.npmjs.org/strip-eof/-/strip-eof-1.0.0.tgz",
      "integrity": "sha1-u0P/VZim6wXYm1n80SnJgzE2Br8=",
      "dev": true
    },
    "tweetnacl": {
      "version": "1.0.0",
      "resolved": "https://registry.npmjs.org/tweetnacl/-/tweetnacl-1.0.0.tgz",
      "integrity": "sha1-cT2LgY2kIGh0C/aDhtBHnmb8ins=",
      "optional": true
    },
    "which": {
      "version": "1.3.1",
      "resolved": "https://registry.npmjs.org/which/-/which-1.3.1.tgz",
      "integrity": "sha512-HxJdYWq1MTIQbJ3nw0cqssHoTNU267KlrDuGZ1WYlxDStUtKUhOaJmh112/TZmHxxUfuJqPXSOm7tDyas0OSIQ==",
      "dev": true,
      "requires": {
        "isexe": "^2.0.0"
      }
    },
    "ws": {
      "version": "5.2.0",
      "resolved": "https://registry.npmjs.org/ws/-/ws-5.2.0.tgz",
      "integrity": "sha512-c18dMeW+PEQdDFzkhDsnBAlS4Z8KGStBQQUcQ5mf7Nf689jyGk0594L+i9RaQuf4gog6SvWLJorz2NfSaqxZ7w==",
      "requires": {
        "async-limiter": "~1.0.0"
      }
    },
    "yallist": {
      "version": "2.1.2",
      "resolved": "https://registry.npmjs.org/yallist/-/yallist-2.1.2.tgz",
      "integrity": "sha1-HBH5IY8HYImkfdUS+TxmmaaoHVI=",
      "dev": true
    }
  }
}
